{
  "name": "redspher-components-example",
  "version": "0.1.0",
  "lockfileVersion": 1,
  "requires": true,
  "dependencies": {
    "@babel/helper-plugin-utils": {
      "version": "7.16.7",
      "resolved": "https://registry.npmjs.org/@babel/helper-plugin-utils/-/helper-plugin-utils-7.16.7.tgz",
      "integrity": "sha512-Qg3Nk7ZxpgMrsox6HreY1ZNKdBq7K72tDSliA6dCl5f007jR4ne8iD5UzuNnCJH2xBf2BEEVGr+/OL6Gdp7RxA==",
      "dev": true
    },
    "@babel/plugin-syntax-object-rest-spread": {
      "version": "7.8.3",
      "resolved": "https://registry.npmjs.org/@babel/plugin-syntax-object-rest-spread/-/plugin-syntax-object-rest-spread-7.8.3.tgz",
      "integrity": "sha512-XoqMijGZb9y3y2XskN+P1wUGiVwWZ5JmoDRwx5+3GmEplNyVM2s2Dg8ILFQm8rWM48orGy5YpI5Bl8U1y7ydlA==",
      "dev": true,
      "requires": {
        "@babel/helper-plugin-utils": "^7.8.0"
      }
    },
    "@mui/lab": {
      "version": "file:../node_modules/@mui/lab",
      "integrity": "sha512-2DgPGYm0wjuSSb9R4cp97LINvHBI7+8eT1WL108GmniwFbAxb0U7hc//QF44W0JyJbLU+qNiScFJupQMTbe4dg=="
    },
    "@mui/material": {
      "version": "file:../node_modules/@mui/material",
      "integrity": "sha512-eADa3kUYbbr1jNjcufn0a7HeU8cSo0agbrkj720hodxVFNIfzq7a2e58Z+PaZqll55kMGBvlYJ7rTcXU399x5A=="
    },
    "react": {
      "version": "file:../node_modules/react",
      "integrity": "sha512-gnhPt75i/dq/z3/6q/0asP78D0u592D5L1pd7M8P+dck6Fu/jJeL6iVVK23fptSUZj8Vjf++7wXA8UNclGQcbA=="
    },
    "react-dom": {
      "version": "file:../node_modules/react-dom",
      "integrity": "sha512-s4h96KtLDUQlsENhMn1ar8t2bEa+q/YAtj8pPPdIjPDGBDIVNsrD9aXNWqspUe6AzKCIG0C1HZZLqLV7qpOBGA=="
    },
    "react-scripts": {
      "version": "file:../node_modules/react-scripts",
      "integrity": "sha512-8VAmEm/ZAwQzJ+GOMLbBsTdDKOpuZh7RPs0UymvBR2vRk4iZWCskjbFnxqjrzoIvlNNRZ3QJFx6/qDSi6zSnaQ=="
    },
    "redspher-components": {
      "version": "file:..",
      "requires": {
        "@mui/lab": "^5.0.0-alpha.75",
        "@mui/material": "^5.5.3",
        "react": "^17.0.2",
        "react-dom": "^17.0.2"
      },
      "dependencies": {
        "@mui/lab": {
          "version": "5.0.0-alpha.75",
          "resolved": "https://registry.npmjs.org/@mui/lab/-/lab-5.0.0-alpha.75.tgz",
          "integrity": "sha512-2DgPGYm0wjuSSb9R4cp97LINvHBI7+8eT1WL108GmniwFbAxb0U7hc//QF44W0JyJbLU+qNiScFJupQMTbe4dg=="
        },
        "@mui/material": {
          "version": "5.5.3",
          "resolved": "https://registry.npmjs.org/@mui/material/-/material-5.5.3.tgz",
          "integrity": "sha512-eADa3kUYbbr1jNjcufn0a7HeU8cSo0agbrkj720hodxVFNIfzq7a2e58Z+PaZqll55kMGBvlYJ7rTcXU399x5A=="
        },
        "react": {
          "version": "17.0.2",
          "resolved": "https://registry.npmjs.org/react/-/react-17.0.2.tgz",
          "integrity": "sha512-gnhPt75i/dq/z3/6q/0asP78D0u592D5L1pd7M8P+dck6Fu/jJeL6iVVK23fptSUZj8Vjf++7wXA8UNclGQcbA=="
        },
        "react-dom": {
          "version": "17.0.2",
          "resolved": "https://registry.npmjs.org/react-dom/-/react-dom-17.0.2.tgz",
          "integrity": "sha512-s4h96KtLDUQlsENhMn1ar8t2bEa+q/YAtj8pPPdIjPDGBDIVNsrD9aXNWqspUe6AzKCIG0C1HZZLqLV7qpOBGA=="
        },
        "react-scripts": {
          "version": "5.0.1",
          "resolved": "https://registry.npmjs.org/react-scripts/-/react-scripts-5.0.1.tgz",
          "integrity": "sha512-8VAmEm/ZAwQzJ+GOMLbBsTdDKOpuZh7RPs0UymvBR2vRk4iZWCskjbFnxqjrzoIvlNNRZ3QJFx6/qDSi6zSnaQ==",
          "requires": {
            "@babel/core": "^7.16.0",
            "browserslist": "^4.18.1"
          }
        }
      }
    }
  }
}
